// !$*UTF8*$!
{
	archiveVersion = 1;
	classes = {
	};
	objectVersion = 56;
	objects = {

/* Begin PBXBuildFile section */
		070219B13FD8A52C41C466BC /* Pods_InstagarmTests.framework in Frameworks */ = {isa = PBXBuildFile; fileRef = 4691C01576643EC16B0631C0 /* Pods_InstagarmTests.framework */; };
		0A76C2A944232A430E3B279C /* Pods_Instagarm_InstagarmUITests.framework in Frameworks */ = {isa = PBXBuildFile; fileRef = DF6E93F4A58FFD467EC078DC /* Pods_Instagarm_InstagarmUITests.framework */; };
		90A17DC7CB10AE44E127E855 /* Pods_Instagarm.framework in Frameworks */ = {isa = PBXBuildFile; fileRef = C37A20E96D10E3CB9B06BB2C /* Pods_Instagarm.framework */; };
		C06379472A4FC729007033A5 /* ExploreViewController.swift in Sources */ = {isa = PBXBuildFile; fileRef = C06379462A4FC729007033A5 /* ExploreViewController.swift */; };
		C06379492A4FC740007033A5 /* CameraViewController.swift in Sources */ = {isa = PBXBuildFile; fileRef = C06379482A4FC740007033A5 /* CameraViewController.swift */; };
		C063794B2A4FC74E007033A5 /* NotificationsViewController.swift in Sources */ = {isa = PBXBuildFile; fileRef = C063794A2A4FC74E007033A5 /* NotificationsViewController.swift */; };
		C063794D2A4FC759007033A5 /* ProfileViewController.swift in Sources */ = {isa = PBXBuildFile; fileRef = C063794C2A4FC759007033A5 /* ProfileViewController.swift */; };
		C063794F2A4FC78E007033A5 /* TabBarViewController.swift in Sources */ = {isa = PBXBuildFile; fileRef = C063794E2A4FC78E007033A5 /* TabBarViewController.swift */; };
		C06379522A4FC7B7007033A5 /* SignInViewController.swift in Sources */ = {isa = PBXBuildFile; fileRef = C06379512A4FC7B7007033A5 /* SignInViewController.swift */; };
		C06379542A4FC7C5007033A5 /* SignUpViewController.swift in Sources */ = {isa = PBXBuildFile; fileRef = C06379532A4FC7C5007033A5 /* SignUpViewController.swift */; };
		C06379562A4FC7DA007033A5 /* CaptionViewController.swift in Sources */ = {isa = PBXBuildFile; fileRef = C06379552A4FC7DA007033A5 /* CaptionViewController.swift */; };
		C06379582A4FC7F3007033A5 /* ListViewController.swift in Sources */ = {isa = PBXBuildFile; fileRef = C06379572A4FC7F3007033A5 /* ListViewController.swift */; };
		C063795A2A4FC800007033A5 /* PostViewController.swift in Sources */ = {isa = PBXBuildFile; fileRef = C06379592A4FC800007033A5 /* PostViewController.swift */; };
		C063795C2A4FC80A007033A5 /* SettingsViewController.swift in Sources */ = {isa = PBXBuildFile; fileRef = C063795B2A4FC80A007033A5 /* SettingsViewController.swift */; };
		C063795E2A4FC83D007033A5 /* User.swift in Sources */ = {isa = PBXBuildFile; fileRef = C063795D2A4FC83D007033A5 /* User.swift */; };
		C06379602A4FC848007033A5 /* Post.swift in Sources */ = {isa = PBXBuildFile; fileRef = C063795F2A4FC848007033A5 /* Post.swift */; };
		C06379622A4FC858007033A5 /* Relationship.swift in Sources */ = {isa = PBXBuildFile; fileRef = C06379612A4FC858007033A5 /* Relationship.swift */; };
		C06379642A4FC865007033A5 /* Notification.swift in Sources */ = {isa = PBXBuildFile; fileRef = C06379632A4FC865007033A5 /* Notification.swift */; };
		C06379662A4FC87F007033A5 /* AuthManager.swift in Sources */ = {isa = PBXBuildFile; fileRef = C06379652A4FC87F007033A5 /* AuthManager.swift */; };
		C06379682A4FC890007033A5 /* DatabaseManager.swift in Sources */ = {isa = PBXBuildFile; fileRef = C06379672A4FC890007033A5 /* DatabaseManager.swift */; };
		C063796A2A4FC89C007033A5 /* StorageManager.swift in Sources */ = {isa = PBXBuildFile; fileRef = C06379692A4FC89C007033A5 /* StorageManager.swift */; };
		C063796C2A4FC8B1007033A5 /* AnalyticsManager.swift in Sources */ = {isa = PBXBuildFile; fileRef = C063796B2A4FC8B1007033A5 /* AnalyticsManager.swift */; };
		C063796E2A4FC8C1007033A5 /* HapticsManager.swift in Sources */ = {isa = PBXBuildFile; fileRef = C063796D2A4FC8C1007033A5 /* HapticsManager.swift */; };
		C06379702A5181B1007033A5 /* GoogleService-Info.plist in Resources */ = {isa = PBXBuildFile; fileRef = C063796F2A5181B1007033A5 /* GoogleService-Info.plist */; };
		C093AE6A2A4FBA24006C475B /* AppDelegate.swift in Sources */ = {isa = PBXBuildFile; fileRef = C093AE692A4FBA24006C475B /* AppDelegate.swift */; };
		C093AE6C2A4FBA24006C475B /* SceneDelegate.swift in Sources */ = {isa = PBXBuildFile; fileRef = C093AE6B2A4FBA24006C475B /* SceneDelegate.swift */; };
		C093AE6E2A4FBA24006C475B /* HomeViewController.swift in Sources */ = {isa = PBXBuildFile; fileRef = C093AE6D2A4FBA24006C475B /* HomeViewController.swift */; };
		C093AE732A4FBA24006C475B /* Assets.xcassets in Resources */ = {isa = PBXBuildFile; fileRef = C093AE722A4FBA24006C475B /* Assets.xcassets */; };
		C093AE762A4FBA24006C475B /* LaunchScreen.storyboard in Resources */ = {isa = PBXBuildFile; fileRef = C093AE742A4FBA24006C475B /* LaunchScreen.storyboard */; };
		C093AE812A4FBA24006C475B /* InstagarmTests.swift in Sources */ = {isa = PBXBuildFile; fileRef = C093AE802A4FBA24006C475B /* InstagarmTests.swift */; };
		C093AE8B2A4FBA24006C475B /* InstagarmUITests.swift in Sources */ = {isa = PBXBuildFile; fileRef = C093AE8A2A4FBA24006C475B /* InstagarmUITests.swift */; };
		C093AE8D2A4FBA24006C475B /* InstagarmUITestsLaunchTests.swift in Sources */ = {isa = PBXBuildFile; fileRef = C093AE8C2A4FBA24006C475B /* InstagarmUITestsLaunchTests.swift */; };
/* End PBXBuildFile section */

/* Begin PBXContainerItemProxy section */
		C093AE7D2A4FBA24006C475B /* PBXContainerItemProxy */ = {
			isa = PBXContainerItemProxy;
			containerPortal = C093AE5E2A4FBA24006C475B /* Project object */;
			proxyType = 1;
			remoteGlobalIDString = C093AE652A4FBA24006C475B;
			remoteInfo = Instagarm;
		};
		C093AE872A4FBA24006C475B /* PBXContainerItemProxy */ = {
			isa = PBXContainerItemProxy;
			containerPortal = C093AE5E2A4FBA24006C475B /* Project object */;
			proxyType = 1;
			remoteGlobalIDString = C093AE652A4FBA24006C475B;
			remoteInfo = Instagarm;
		};
/* End PBXContainerItemProxy section */

/* Begin PBXFileReference section */
		06B517C38E4F29F42C7C525B /* Pods-InstagarmTests.release.xcconfig */ = {isa = PBXFileReference; includeInIndex = 1; lastKnownFileType = text.xcconfig; name = "Pods-InstagarmTests.release.xcconfig"; path = "Target Support Files/Pods-InstagarmTests/Pods-InstagarmTests.release.xcconfig"; sourceTree = "<group>"; };
		2B7FF0E848C07A158B8B3604 /* Pods-Instagarm.debug.xcconfig */ = {isa = PBXFileReference; includeInIndex = 1; lastKnownFileType = text.xcconfig; name = "Pods-Instagarm.debug.xcconfig"; path = "Target Support Files/Pods-Instagarm/Pods-Instagarm.debug.xcconfig"; sourceTree = "<group>"; };
		31B269CBA34B3D3B954089C2 /* Pods-Instagarm.release.xcconfig */ = {isa = PBXFileReference; includeInIndex = 1; lastKnownFileType = text.xcconfig; name = "Pods-Instagarm.release.xcconfig"; path = "Target Support Files/Pods-Instagarm/Pods-Instagarm.release.xcconfig"; sourceTree = "<group>"; };
		4691C01576643EC16B0631C0 /* Pods_InstagarmTests.framework */ = {isa = PBXFileReference; explicitFileType = wrapper.framework; includeInIndex = 0; path = Pods_InstagarmTests.framework; sourceTree = BUILT_PRODUCTS_DIR; };
		57A4AEE3D73BA72E7E9648AA /* Pods-InstagarmTests.debug.xcconfig */ = {isa = PBXFileReference; includeInIndex = 1; lastKnownFileType = text.xcconfig; name = "Pods-InstagarmTests.debug.xcconfig"; path = "Target Support Files/Pods-InstagarmTests/Pods-InstagarmTests.debug.xcconfig"; sourceTree = "<group>"; };
		99BC25B39EEA1EA4F637BF56 /* Pods-Instagarm-InstagarmUITests.release.xcconfig */ = {isa = PBXFileReference; includeInIndex = 1; lastKnownFileType = text.xcconfig; name = "Pods-Instagarm-InstagarmUITests.release.xcconfig"; path = "Target Support Files/Pods-Instagarm-InstagarmUITests/Pods-Instagarm-InstagarmUITests.release.xcconfig"; sourceTree = "<group>"; };
		C06379462A4FC729007033A5 /* ExploreViewController.swift */ = {isa = PBXFileReference; lastKnownFileType = sourcecode.swift; path = ExploreViewController.swift; sourceTree = "<group>"; };
		C06379482A4FC740007033A5 /* CameraViewController.swift */ = {isa = PBXFileReference; lastKnownFileType = sourcecode.swift; path = CameraViewController.swift; sourceTree = "<group>"; };
		C063794A2A4FC74E007033A5 /* NotificationsViewController.swift */ = {isa = PBXFileReference; lastKnownFileType = sourcecode.swift; path = NotificationsViewController.swift; sourceTree = "<group>"; };
		C063794C2A4FC759007033A5 /* ProfileViewController.swift */ = {isa = PBXFileReference; lastKnownFileType = sourcecode.swift; path = ProfileViewController.swift; sourceTree = "<group>"; };
		C063794E2A4FC78E007033A5 /* TabBarViewController.swift */ = {isa = PBXFileReference; lastKnownFileType = sourcecode.swift; path = TabBarViewController.swift; sourceTree = "<group>"; };
		C06379512A4FC7B7007033A5 /* SignInViewController.swift */ = {isa = PBXFileReference; lastKnownFileType = sourcecode.swift; path = SignInViewController.swift; sourceTree = "<group>"; };
		C06379532A4FC7C5007033A5 /* SignUpViewController.swift */ = {isa = PBXFileReference; lastKnownFileType = sourcecode.swift; path = SignUpViewController.swift; sourceTree = "<group>"; };
		C06379552A4FC7DA007033A5 /* CaptionViewController.swift */ = {isa = PBXFileReference; lastKnownFileType = sourcecode.swift; path = CaptionViewController.swift; sourceTree = "<group>"; };
		C06379572A4FC7F3007033A5 /* ListViewController.swift */ = {isa = PBXFileReference; lastKnownFileType = sourcecode.swift; path = ListViewController.swift; sourceTree = "<group>"; };
		C06379592A4FC800007033A5 /* PostViewController.swift */ = {isa = PBXFileReference; lastKnownFileType = sourcecode.swift; path = PostViewController.swift; sourceTree = "<group>"; };
		C063795B2A4FC80A007033A5 /* SettingsViewController.swift */ = {isa = PBXFileReference; lastKnownFileType = sourcecode.swift; path = SettingsViewController.swift; sourceTree = "<group>"; };
		C063795D2A4FC83D007033A5 /* User.swift */ = {isa = PBXFileReference; lastKnownFileType = sourcecode.swift; path = User.swift; sourceTree = "<group>"; };
		C063795F2A4FC848007033A5 /* Post.swift */ = {isa = PBXFileReference; lastKnownFileType = sourcecode.swift; path = Post.swift; sourceTree = "<group>"; };
		C06379612A4FC858007033A5 /* Relationship.swift */ = {isa = PBXFileReference; lastKnownFileType = sourcecode.swift; path = Relationship.swift; sourceTree = "<group>"; };
		C06379632A4FC865007033A5 /* Notification.swift */ = {isa = PBXFileReference; lastKnownFileType = sourcecode.swift; path = Notification.swift; sourceTree = "<group>"; };
		C06379652A4FC87F007033A5 /* AuthManager.swift */ = {isa = PBXFileReference; lastKnownFileType = sourcecode.swift; path = AuthManager.swift; sourceTree = "<group>"; };
		C06379672A4FC890007033A5 /* DatabaseManager.swift */ = {isa = PBXFileReference; lastKnownFileType = sourcecode.swift; path = DatabaseManager.swift; sourceTree = "<group>"; };
		C06379692A4FC89C007033A5 /* StorageManager.swift */ = {isa = PBXFileReference; lastKnownFileType = sourcecode.swift; path = StorageManager.swift; sourceTree = "<group>"; };
		C063796B2A4FC8B1007033A5 /* AnalyticsManager.swift */ = {isa = PBXFileReference; lastKnownFileType = sourcecode.swift; path = AnalyticsManager.swift; sourceTree = "<group>"; };
		C063796D2A4FC8C1007033A5 /* HapticsManager.swift */ = {isa = PBXFileReference; lastKnownFileType = sourcecode.swift; path = HapticsManager.swift; sourceTree = "<group>"; };
		C063796F2A5181B1007033A5 /* GoogleService-Info.plist */ = {isa = PBXFileReference; fileEncoding = 4; lastKnownFileType = text.plist.xml; path = "GoogleService-Info.plist"; sourceTree = "<group>"; };
		C093AE662A4FBA24006C475B /* Instagarm.app */ = {isa = PBXFileReference; explicitFileType = wrapper.application; includeInIndex = 0; path = Instagarm.app; sourceTree = BUILT_PRODUCTS_DIR; };
		C093AE692A4FBA24006C475B /* AppDelegate.swift */ = {isa = PBXFileReference; lastKnownFileType = sourcecode.swift; path = AppDelegate.swift; sourceTree = "<group>"; };
		C093AE6B2A4FBA24006C475B /* SceneDelegate.swift */ = {isa = PBXFileReference; lastKnownFileType = sourcecode.swift; path = SceneDelegate.swift; sourceTree = "<group>"; };
		C093AE6D2A4FBA24006C475B /* HomeViewController.swift */ = {isa = PBXFileReference; lastKnownFileType = sourcecode.swift; path = HomeViewController.swift; sourceTree = "<group>"; };
		C093AE722A4FBA24006C475B /* Assets.xcassets */ = {isa = PBXFileReference; lastKnownFileType = folder.assetcatalog; path = Assets.xcassets; sourceTree = "<group>"; };
		C093AE752A4FBA24006C475B /* Base */ = {isa = PBXFileReference; lastKnownFileType = file.storyboard; name = Base; path = Base.lproj/LaunchScreen.storyboard; sourceTree = "<group>"; };
		C093AE772A4FBA24006C475B /* Info.plist */ = {isa = PBXFileReference; lastKnownFileType = text.plist.xml; path = Info.plist; sourceTree = "<group>"; };
		C093AE7C2A4FBA24006C475B /* InstagarmTests.xctest */ = {isa = PBXFileReference; explicitFileType = wrapper.cfbundle; includeInIndex = 0; path = InstagarmTests.xctest; sourceTree = BUILT_PRODUCTS_DIR; };
		C093AE802A4FBA24006C475B /* InstagarmTests.swift */ = {isa = PBXFileReference; lastKnownFileType = sourcecode.swift; path = InstagarmTests.swift; sourceTree = "<group>"; };
		C093AE862A4FBA24006C475B /* InstagarmUITests.xctest */ = {isa = PBXFileReference; explicitFileType = wrapper.cfbundle; includeInIndex = 0; path = InstagarmUITests.xctest; sourceTree = BUILT_PRODUCTS_DIR; };
		C093AE8A2A4FBA24006C475B /* InstagarmUITests.swift */ = {isa = PBXFileReference; lastKnownFileType = sourcecode.swift; path = InstagarmUITests.swift; sourceTree = "<group>"; };
		C093AE8C2A4FBA24006C475B /* InstagarmUITestsLaunchTests.swift */ = {isa = PBXFileReference; lastKnownFileType = sourcecode.swift; path = InstagarmUITestsLaunchTests.swift; sourceTree = "<group>"; };
		C37A20E96D10E3CB9B06BB2C /* Pods_Instagarm.framework */ = {isa = PBXFileReference; explicitFileType = wrapper.framework; includeInIndex = 0; path = Pods_Instagarm.framework; sourceTree = BUILT_PRODUCTS_DIR; };
		DF6E93F4A58FFD467EC078DC /* Pods_Instagarm_InstagarmUITests.framework */ = {isa = PBXFileReference; explicitFileType = wrapper.framework; includeInIndex = 0; path = Pods_Instagarm_InstagarmUITests.framework; sourceTree = BUILT_PRODUCTS_DIR; };
		E0645C4EEFC9DA18511A9C8F /* Pods-Instagarm-InstagarmUITests.debug.xcconfig */ = {isa = PBXFileReference; includeInIndex = 1; lastKnownFileType = text.xcconfig; name = "Pods-Instagarm-InstagarmUITests.debug.xcconfig"; path = "Target Support Files/Pods-Instagarm-InstagarmUITests/Pods-Instagarm-InstagarmUITests.debug.xcconfig"; sourceTree = "<group>"; };
/* End PBXFileReference section */

/* Begin PBXFrameworksBuildPhase section */
		C093AE632A4FBA24006C475B /* Frameworks */ = {
			isa = PBXFrameworksBuildPhase;
			buildActionMask = 2147483647;
			files = (
				90A17DC7CB10AE44E127E855 /* Pods_Instagarm.framework in Frameworks */,
			);
			runOnlyForDeploymentPostprocessing = 0;
		};
		C093AE792A4FBA24006C475B /* Frameworks */ = {
			isa = PBXFrameworksBuildPhase;
			buildActionMask = 2147483647;
			files = (
				070219B13FD8A52C41C466BC /* Pods_InstagarmTests.framework in Frameworks */,
			);
			runOnlyForDeploymentPostprocessing = 0;
		};
		C093AE832A4FBA24006C475B /* Frameworks */ = {
			isa = PBXFrameworksBuildPhase;
			buildActionMask = 2147483647;
			files = (
				0A76C2A944232A430E3B279C /* Pods_Instagarm_InstagarmUITests.framework in Frameworks */,
			);
			runOnlyForDeploymentPostprocessing = 0;
		};
/* End PBXFrameworksBuildPhase section */

/* Begin PBXGroup section */
		09478D593E0BCF2FB8B6D405 /* Frameworks */ = {
			isa = PBXGroup;
			children = (
				C37A20E96D10E3CB9B06BB2C /* Pods_Instagarm.framework */,
				DF6E93F4A58FFD467EC078DC /* Pods_Instagarm_InstagarmUITests.framework */,
				4691C01576643EC16B0631C0 /* Pods_InstagarmTests.framework */,
			);
			name = Frameworks;
			sourceTree = "<group>";
		};
		47B39212C4DE709E99DF4D7A /* Pods */ = {
			isa = PBXGroup;
			children = (
				2B7FF0E848C07A158B8B3604 /* Pods-Instagarm.debug.xcconfig */,
				31B269CBA34B3D3B954089C2 /* Pods-Instagarm.release.xcconfig */,
				E0645C4EEFC9DA18511A9C8F /* Pods-Instagarm-InstagarmUITests.debug.xcconfig */,
				99BC25B39EEA1EA4F637BF56 /* Pods-Instagarm-InstagarmUITests.release.xcconfig */,
				57A4AEE3D73BA72E7E9648AA /* Pods-InstagarmTests.debug.xcconfig */,
				06B517C38E4F29F42C7C525B /* Pods-InstagarmTests.release.xcconfig */,
			);
			path = Pods;
			sourceTree = "<group>";
		};
		C063793F2A4FC22F007033A5 /* Controllers */ = {
			isa = PBXGroup;
			children = (
				C06379502A4FC798007033A5 /* Other */,
				C06379452A4FC70A007033A5 /* Core */,
			);
			path = Controllers;
			sourceTree = "<group>";
		};
		C06379402A4FC240007033A5 /* Views */ = {
			isa = PBXGroup;
			children = (
				C093AE742A4FBA24006C475B /* LaunchScreen.storyboard */,
			);
			path = Views;
			sourceTree = "<group>";
		};
		C06379412A4FC248007033A5 /* Models */ = {
			isa = PBXGroup;
			children = (
				C063795D2A4FC83D007033A5 /* User.swift */,
				C063795F2A4FC848007033A5 /* Post.swift */,
				C06379612A4FC858007033A5 /* Relationship.swift */,
				C06379632A4FC865007033A5 /* Notification.swift */,
			);
			path = Models;
			sourceTree = "<group>";
		};
		C06379422A4FC24E007033A5 /* ViewModels */ = {
			isa = PBXGroup;
			children = (
			);
			path = ViewModels;
			sourceTree = "<group>";
		};
		C06379432A4FC25B007033A5 /* Managers */ = {
			isa = PBXGroup;
			children = (
				C06379652A4FC87F007033A5 /* AuthManager.swift */,
				C06379672A4FC890007033A5 /* DatabaseManager.swift */,
				C06379692A4FC89C007033A5 /* StorageManager.swift */,
				C063796B2A4FC8B1007033A5 /* AnalyticsManager.swift */,
				C063796D2A4FC8C1007033A5 /* HapticsManager.swift */,
			);
			path = Managers;
			sourceTree = "<group>";
		};
		C06379442A4FC264007033A5 /* Resources */ = {
			isa = PBXGroup;
			children = (
				C063796F2A5181B1007033A5 /* GoogleService-Info.plist */,
				C093AE722A4FBA24006C475B /* Assets.xcassets */,
				C093AE6B2A4FBA24006C475B /* SceneDelegate.swift */,
				C093AE692A4FBA24006C475B /* AppDelegate.swift */,
			);
			path = Resources;
			sourceTree = "<group>";
		};
		C06379452A4FC70A007033A5 /* Core */ = {
			isa = PBXGroup;
			children = (
				C093AE6D2A4FBA24006C475B /* HomeViewController.swift */,
				C06379462A4FC729007033A5 /* ExploreViewController.swift */,
				C06379482A4FC740007033A5 /* CameraViewController.swift */,
				C063794A2A4FC74E007033A5 /* NotificationsViewController.swift */,
				C063794C2A4FC759007033A5 /* ProfileViewController.swift */,
				C063794E2A4FC78E007033A5 /* TabBarViewController.swift */,
			);
			path = Core;
			sourceTree = "<group>";
		};
		C06379502A4FC798007033A5 /* Other */ = {
			isa = PBXGroup;
			children = (
				C06379512A4FC7B7007033A5 /* SignInViewController.swift */,
				C06379532A4FC7C5007033A5 /* SignUpViewController.swift */,
				C06379552A4FC7DA007033A5 /* CaptionViewController.swift */,
				C06379572A4FC7F3007033A5 /* ListViewController.swift */,
				C06379592A4FC800007033A5 /* PostViewController.swift */,
				C063795B2A4FC80A007033A5 /* SettingsViewController.swift */,
			);
			path = Other;
			sourceTree = "<group>";
		};
		C093AE5D2A4FBA24006C475B = {
			isa = PBXGroup;
			children = (
				C093AE682A4FBA24006C475B /* Instagarm */,
				C093AE7F2A4FBA24006C475B /* InstagarmTests */,
				C093AE892A4FBA24006C475B /* InstagarmUITests */,
				C093AE672A4FBA24006C475B /* Products */,
				47B39212C4DE709E99DF4D7A /* Pods */,
				09478D593E0BCF2FB8B6D405 /* Frameworks */,
			);
			sourceTree = "<group>";
		};
		C093AE672A4FBA24006C475B /* Products */ = {
			isa = PBXGroup;
			children = (
				C093AE662A4FBA24006C475B /* Instagarm.app */,
				C093AE7C2A4FBA24006C475B /* InstagarmTests.xctest */,
				C093AE862A4FBA24006C475B /* InstagarmUITests.xctest */,
			);
			name = Products;
			sourceTree = "<group>";
		};
		C093AE682A4FBA24006C475B /* Instagarm */ = {
			isa = PBXGroup;
			children = (
				C06379442A4FC264007033A5 /* Resources */,
				C06379432A4FC25B007033A5 /* Managers */,
				C06379422A4FC24E007033A5 /* ViewModels */,
				C06379412A4FC248007033A5 /* Models */,
				C06379402A4FC240007033A5 /* Views */,
				C063793F2A4FC22F007033A5 /* Controllers */,
				C093AE772A4FBA24006C475B /* Info.plist */,
			);
			path = Instagarm;
			sourceTree = "<group>";
		};
		C093AE7F2A4FBA24006C475B /* InstagarmTests */ = {
			isa = PBXGroup;
			children = (
				C093AE802A4FBA24006C475B /* InstagarmTests.swift */,
			);
			path = InstagarmTests;
			sourceTree = "<group>";
		};
		C093AE892A4FBA24006C475B /* InstagarmUITests */ = {
			isa = PBXGroup;
			children = (
				C093AE8A2A4FBA24006C475B /* InstagarmUITests.swift */,
				C093AE8C2A4FBA24006C475B /* InstagarmUITestsLaunchTests.swift */,
			);
			path = InstagarmUITests;
			sourceTree = "<group>";
		};
/* End PBXGroup section */

/* Begin PBXNativeTarget section */
		C093AE652A4FBA24006C475B /* Instagarm */ = {
			isa = PBXNativeTarget;
			buildConfigurationList = C093AE902A4FBA24006C475B /* Build configuration list for PBXNativeTarget "Instagarm" */;
			buildPhases = (
				D3B75ED038A38536DC575581 /* [CP] Check Pods Manifest.lock */,
				C093AE622A4FBA24006C475B /* Sources */,
				C093AE632A4FBA24006C475B /* Frameworks */,
				C093AE642A4FBA24006C475B /* Resources */,
				FEBF9DF2DC23054AB6CF4A80 /* [CP] Embed Pods Frameworks */,
			);
			buildRules = (
			);
			dependencies = (
			);
			name = Instagarm;
			productName = Instagarm;
			productReference = C093AE662A4FBA24006C475B /* Instagarm.app */;
			productType = "com.apple.product-type.application";
		};
		C093AE7B2A4FBA24006C475B /* InstagarmTests */ = {
			isa = PBXNativeTarget;
			buildConfigurationList = C093AE932A4FBA24006C475B /* Build configuration list for PBXNativeTarget "InstagarmTests" */;
			buildPhases = (
				C3252292040208F376089344 /* [CP] Check Pods Manifest.lock */,
				C093AE782A4FBA24006C475B /* Sources */,
				C093AE792A4FBA24006C475B /* Frameworks */,
				C093AE7A2A4FBA24006C475B /* Resources */,
			);
			buildRules = (
			);
			dependencies = (
				C093AE7E2A4FBA24006C475B /* PBXTargetDependency */,
			);
			name = InstagarmTests;
			productName = InstagarmTests;
			productReference = C093AE7C2A4FBA24006C475B /* InstagarmTests.xctest */;
			productType = "com.apple.product-type.bundle.unit-test";
		};
		C093AE852A4FBA24006C475B /* InstagarmUITests */ = {
			isa = PBXNativeTarget;
			buildConfigurationList = C093AE962A4FBA24006C475B /* Build configuration list for PBXNativeTarget "InstagarmUITests" */;
			buildPhases = (
				06D8377E7B5E22B89AAE33F7 /* [CP] Check Pods Manifest.lock */,
				C093AE822A4FBA24006C475B /* Sources */,
				C093AE832A4FBA24006C475B /* Frameworks */,
				C093AE842A4FBA24006C475B /* Resources */,
				B16A4788DF7EF962564AD00E /* [CP] Embed Pods Frameworks */,
			);
			buildRules = (
			);
			dependencies = (
				C093AE882A4FBA24006C475B /* PBXTargetDependency */,
			);
			name = InstagarmUITests;
			productName = InstagarmUITests;
			productReference = C093AE862A4FBA24006C475B /* InstagarmUITests.xctest */;
			productType = "com.apple.product-type.bundle.ui-testing";
		};
/* End PBXNativeTarget section */

/* Begin PBXProject section */
		C093AE5E2A4FBA24006C475B /* Project object */ = {
			isa = PBXProject;
			attributes = {
				BuildIndependentTargetsInParallel = 1;
				LastSwiftUpdateCheck = 1430;
				LastUpgradeCheck = 1430;
				TargetAttributes = {
					C093AE652A4FBA24006C475B = {
						CreatedOnToolsVersion = 14.3.1;
					};
					C093AE7B2A4FBA24006C475B = {
						CreatedOnToolsVersion = 14.3.1;
						TestTargetID = C093AE652A4FBA24006C475B;
					};
					C093AE852A4FBA24006C475B = {
						CreatedOnToolsVersion = 14.3.1;
						TestTargetID = C093AE652A4FBA24006C475B;
					};
				};
			};
			buildConfigurationList = C093AE612A4FBA24006C475B /* Build configuration list for PBXProject "Instagarm" */;
			compatibilityVersion = "Xcode 14.0";
			developmentRegion = en;
			hasScannedForEncodings = 0;
			knownRegions = (
				en,
				Base,
			);
			mainGroup = C093AE5D2A4FBA24006C475B;
			productRefGroup = C093AE672A4FBA24006C475B /* Products */;
			projectDirPath = "";
			projectRoot = "";
			targets = (
				C093AE652A4FBA24006C475B /* Instagarm */,
				C093AE7B2A4FBA24006C475B /* InstagarmTests */,
				C093AE852A4FBA24006C475B /* InstagarmUITests */,
			);
		};
/* End PBXProject section */

/* Begin PBXResourcesBuildPhase section */
		C093AE642A4FBA24006C475B /* Resources */ = {
			isa = PBXResourcesBuildPhase;
			buildActionMask = 2147483647;
			files = (
				C093AE762A4FBA24006C475B /* LaunchScreen.storyboard in Resources */,
				C093AE732A4FBA24006C475B /* Assets.xcassets in Resources */,
				C06379702A5181B1007033A5 /* GoogleService-Info.plist in Resources */,
			);
			runOnlyForDeploymentPostprocessing = 0;
		};
		C093AE7A2A4FBA24006C475B /* Resources */ = {
			isa = PBXResourcesBuildPhase;
			buildActionMask = 2147483647;
			files = (
			);
			runOnlyForDeploymentPostprocessing = 0;
		};
		C093AE842A4FBA24006C475B /* Resources */ = {
			isa = PBXResourcesBuildPhase;
			buildActionMask = 2147483647;
			files = (
			);
			runOnlyForDeploymentPostprocessing = 0;
		};
/* End PBXResourcesBuildPhase section */

/* Begin PBXShellScriptBuildPhase section */
		06D8377E7B5E22B89AAE33F7 /* [CP] Check Pods Manifest.lock */ = {
			isa = PBXShellScriptBuildPhase;
			buildActionMask = 2147483647;
			files = (
			);
			inputFileListPaths = (
			);
			inputPaths = (
				"${PODS_PODFILE_DIR_PATH}/Podfile.lock",
				"${PODS_ROOT}/Manifest.lock",
			);
			name = "[CP] Check Pods Manifest.lock";
			outputFileListPaths = (
			);
			outputPaths = (
				"$(DERIVED_FILE_DIR)/Pods-Instagarm-InstagarmUITests-checkManifestLockResult.txt",
			);
			runOnlyForDeploymentPostprocessing = 0;
			shellPath = /bin/sh;
			shellScript = "diff \"${PODS_PODFILE_DIR_PATH}/Podfile.lock\" \"${PODS_ROOT}/Manifest.lock\" > /dev/null\nif [ $? != 0 ] ; then\n    # print error to STDERR\n    echo \"error: The sandbox is not in sync with the Podfile.lock. Run 'pod install' or update your CocoaPods installation.\" >&2\n    exit 1\nfi\n# This output is used by Xcode 'outputs' to avoid re-running this script phase.\necho \"SUCCESS\" > \"${SCRIPT_OUTPUT_FILE_0}\"\n";
			showEnvVarsInLog = 0;
		};
		B16A4788DF7EF962564AD00E /* [CP] Embed Pods Frameworks */ = {
			isa = PBXShellScriptBuildPhase;
			buildActionMask = 2147483647;
			files = (
			);
			inputFileListPaths = (
				"${PODS_ROOT}/Target Support Files/Pods-Instagarm-InstagarmUITests/Pods-Instagarm-InstagarmUITests-frameworks-${CONFIGURATION}-input-files.xcfilelist",
			);
			name = "[CP] Embed Pods Frameworks";
			outputFileListPaths = (
				"${PODS_ROOT}/Target Support Files/Pods-Instagarm-InstagarmUITests/Pods-Instagarm-InstagarmUITests-frameworks-${CONFIGURATION}-output-files.xcfilelist",
			);
			runOnlyForDeploymentPostprocessing = 0;
			shellPath = /bin/sh;
			shellScript = "\"${PODS_ROOT}/Target Support Files/Pods-Instagarm-InstagarmUITests/Pods-Instagarm-InstagarmUITests-frameworks.sh\"\n";
			showEnvVarsInLog = 0;
		};
		C3252292040208F376089344 /* [CP] Check Pods Manifest.lock */ = {
			isa = PBXShellScriptBuildPhase;
			buildActionMask = 2147483647;
			files = (
			);
			inputFileListPaths = (
			);
			inputPaths = (
				"${PODS_PODFILE_DIR_PATH}/Podfile.lock",
				"${PODS_ROOT}/Manifest.lock",
			);
			name = "[CP] Check Pods Manifest.lock";
			outputFileListPaths = (
			);
			outputPaths = (
				"$(DERIVED_FILE_DIR)/Pods-InstagarmTests-checkManifestLockResult.txt",
			);
			runOnlyForDeploymentPostprocessing = 0;
			shellPath = /bin/sh;
			shellScript = "diff \"${PODS_PODFILE_DIR_PATH}/Podfile.lock\" \"${PODS_ROOT}/Manifest.lock\" > /dev/null\nif [ $? != 0 ] ; then\n    # print error to STDERR\n    echo \"error: The sandbox is not in sync with the Podfile.lock. Run 'pod install' or update your CocoaPods installation.\" >&2\n    exit 1\nfi\n# This output is used by Xcode 'outputs' to avoid re-running this script phase.\necho \"SUCCESS\" > \"${SCRIPT_OUTPUT_FILE_0}\"\n";
			showEnvVarsInLog = 0;
		};
		D3B75ED038A38536DC575581 /* [CP] Check Pods Manifest.lock */ = {
			isa = PBXShellScriptBuildPhase;
			buildActionMask = 2147483647;
			files = (
			);
			inputFileListPaths = (
			);
			inputPaths = (
				"${PODS_PODFILE_DIR_PATH}/Podfile.lock",
				"${PODS_ROOT}/Manifest.lock",
			);
			name = "[CP] Check Pods Manifest.lock";
			outputFileListPaths = (
			);
			outputPaths = (
				"$(DERIVED_FILE_DIR)/Pods-Instagarm-checkManifestLockResult.txt",
			);
			runOnlyForDeploymentPostprocessing = 0;
			shellPath = /bin/sh;
			shellScript = "diff \"${PODS_PODFILE_DIR_PATH}/Podfile.lock\" \"${PODS_ROOT}/Manifest.lock\" > /dev/null\nif [ $? != 0 ] ; then\n    # print error to STDERR\n    echo \"error: The sandbox is not in sync with the Podfile.lock. Run 'pod install' or update your CocoaPods installation.\" >&2\n    exit 1\nfi\n# This output is used by Xcode 'outputs' to avoid re-running this script phase.\necho \"SUCCESS\" > \"${SCRIPT_OUTPUT_FILE_0}\"\n";
			showEnvVarsInLog = 0;
		};
		FEBF9DF2DC23054AB6CF4A80 /* [CP] Embed Pods Frameworks */ = {
			isa = PBXShellScriptBuildPhase;
			buildActionMask = 2147483647;
			files = (
			);
			inputFileListPaths = (
				"${PODS_ROOT}/Target Support Files/Pods-Instagarm/Pods-Instagarm-frameworks-${CONFIGURATION}-input-files.xcfilelist",
			);
			name = "[CP] Embed Pods Frameworks";
			outputFileListPaths = (
				"${PODS_ROOT}/Target Support Files/Pods-Instagarm/Pods-Instagarm-frameworks-${CONFIGURATION}-output-files.xcfilelist",
			);
			runOnlyForDeploymentPostprocessing = 0;
			shellPath = /bin/sh;
			shellScript = "\"${PODS_ROOT}/Target Support Files/Pods-Instagarm/Pods-Instagarm-frameworks.sh\"\n";
			showEnvVarsInLog = 0;
		};
/* End PBXShellScriptBuildPhase section */

/* Begin PBXSourcesBuildPhase section */
		C093AE622A4FBA24006C475B /* Sources */ = {
			isa = PBXSourcesBuildPhase;
			buildActionMask = 2147483647;
			files = (
				C06379562A4FC7DA007033A5 /* CaptionViewController.swift in Sources */,
				C063794F2A4FC78E007033A5 /* TabBarViewController.swift in Sources */,
				C06379642A4FC865007033A5 /* Notification.swift in Sources */,
				C063796A2A4FC89C007033A5 /* StorageManager.swift in Sources */,
				C06379582A4FC7F3007033A5 /* ListViewController.swift in Sources */,
				C063795A2A4FC800007033A5 /* PostViewController.swift in Sources */,
				C06379472A4FC729007033A5 /* ExploreViewController.swift in Sources */,
				C06379492A4FC740007033A5 /* CameraViewController.swift in Sources */,
				C063796C2A4FC8B1007033A5 /* AnalyticsManager.swift in Sources */,
				C093AE6E2A4FBA24006C475B /* HomeViewController.swift in Sources */,
				C06379542A4FC7C5007033A5 /* SignUpViewController.swift in Sources */,
				C063795E2A4FC83D007033A5 /* User.swift in Sources */,
				C063794B2A4FC74E007033A5 /* NotificationsViewController.swift in Sources */,
				C063795C2A4FC80A007033A5 /* SettingsViewController.swift in Sources */,
				C06379682A4FC890007033A5 /* DatabaseManager.swift in Sources */,
				C06379622A4FC858007033A5 /* Relationship.swift in Sources */,
				C06379602A4FC848007033A5 /* Post.swift in Sources */,
				C06379662A4FC87F007033A5 /* AuthManager.swift in Sources */,
				C06379522A4FC7B7007033A5 /* SignInViewController.swift in Sources */,
				C063794D2A4FC759007033A5 /* ProfileViewController.swift in Sources */,
				C063796E2A4FC8C1007033A5 /* HapticsManager.swift in Sources */,
				C093AE6A2A4FBA24006C475B /* AppDelegate.swift in Sources */,
				C093AE6C2A4FBA24006C475B /* SceneDelegate.swift in Sources */,
			);
			runOnlyForDeploymentPostprocessing = 0;
		};
		C093AE782A4FBA24006C475B /* Sources */ = {
			isa = PBXSourcesBuildPhase;
			buildActionMask = 2147483647;
			files = (
				C093AE812A4FBA24006C475B /* InstagarmTests.swift in Sources */,
			);
			runOnlyForDeploymentPostprocessing = 0;
		};
		C093AE822A4FBA24006C475B /* Sources */ = {
			isa = PBXSourcesBuildPhase;
			buildActionMask = 2147483647;
			files = (
				C093AE8B2A4FBA24006C475B /* InstagarmUITests.swift in Sources */,
				C093AE8D2A4FBA24006C475B /* InstagarmUITestsLaunchTests.swift in Sources */,
			);
			runOnlyForDeploymentPostprocessing = 0;
		};
/* End PBXSourcesBuildPhase section */

/* Begin PBXTargetDependency section */
		C093AE7E2A4FBA24006C475B /* PBXTargetDependency */ = {
			isa = PBXTargetDependency;
			target = C093AE652A4FBA24006C475B /* Instagarm */;
			targetProxy = C093AE7D2A4FBA24006C475B /* PBXContainerItemProxy */;
		};
		C093AE882A4FBA24006C475B /* PBXTargetDependency */ = {
			isa = PBXTargetDependency;
			target = C093AE652A4FBA24006C475B /* Instagarm */;
			targetProxy = C093AE872A4FBA24006C475B /* PBXContainerItemProxy */;
		};
/* End PBXTargetDependency section */

/* Begin PBXVariantGroup section */
		C093AE742A4FBA24006C475B /* LaunchScreen.storyboard */ = {
			isa = PBXVariantGroup;
			children = (
				C093AE752A4FBA24006C475B /* Base */,
			);
			name = LaunchScreen.storyboard;
			sourceTree = "<group>";
		};
/* End PBXVariantGroup section */

/* Begin XCBuildConfiguration section */
		C093AE8E2A4FBA24006C475B /* Debug */ = {
			isa = XCBuildConfiguration;
			buildSettings = {
				ALWAYS_SEARCH_USER_PATHS = NO;
				CLANG_ANALYZER_NONNULL = YES;
				CLANG_ANALYZER_NUMBER_OBJECT_CONVERSION = YES_AGGRESSIVE;
				CLANG_CXX_LANGUAGE_STANDARD = "gnu++20";
				CLANG_ENABLE_MODULES = YES;
				CLANG_ENABLE_OBJC_ARC = YES;
				CLANG_ENABLE_OBJC_WEAK = YES;
				CLANG_WARN_BLOCK_CAPTURE_AUTORELEASING = YES;
				CLANG_WARN_BOOL_CONVERSION = YES;
				CLANG_WARN_COMMA = YES;
				CLANG_WARN_CONSTANT_CONVERSION = YES;
				CLANG_WARN_DEPRECATED_OBJC_IMPLEMENTATIONS = YES;
				CLANG_WARN_DIRECT_OBJC_ISA_USAGE = YES_ERROR;
				CLANG_WARN_DOCUMENTATION_COMMENTS = YES;
				CLANG_WARN_EMPTY_BODY = YES;
				CLANG_WARN_ENUM_CONVERSION = YES;
				CLANG_WARN_INFINITE_RECURSION = YES;
				CLANG_WARN_INT_CONVERSION = YES;
				CLANG_WARN_NON_LITERAL_NULL_CONVERSION = YES;
				CLANG_WARN_OBJC_IMPLICIT_RETAIN_SELF = YES;
				CLANG_WARN_OBJC_LITERAL_CONVERSION = YES;
				CLANG_WARN_OBJC_ROOT_CLASS = YES_ERROR;
				CLANG_WARN_QUOTED_INCLUDE_IN_FRAMEWORK_HEADER = YES;
				CLANG_WARN_RANGE_LOOP_ANALYSIS = YES;
				CLANG_WARN_STRICT_PROTOTYPES = YES;
				CLANG_WARN_SUSPICIOUS_MOVE = YES;
				CLANG_WARN_UNGUARDED_AVAILABILITY = YES_AGGRESSIVE;
				CLANG_WARN_UNREACHABLE_CODE = YES;
				CLANG_WARN__DUPLICATE_METHOD_MATCH = YES;
				COPY_PHASE_STRIP = NO;
				DEBUG_INFORMATION_FORMAT = dwarf;
				ENABLE_STRICT_OBJC_MSGSEND = YES;
				ENABLE_TESTABILITY = YES;
				GCC_C_LANGUAGE_STANDARD = gnu11;
				GCC_DYNAMIC_NO_PIC = NO;
				GCC_NO_COMMON_BLOCKS = YES;
				GCC_OPTIMIZATION_LEVEL = 0;
				GCC_PREPROCESSOR_DEFINITIONS = (
					"DEBUG=1",
					"$(inherited)",
				);
				GCC_WARN_64_TO_32_BIT_CONVERSION = YES;
				GCC_WARN_ABOUT_RETURN_TYPE = YES_ERROR;
				GCC_WARN_UNDECLARED_SELECTOR = YES;
				GCC_WARN_UNINITIALIZED_AUTOS = YES_AGGRESSIVE;
				GCC_WARN_UNUSED_FUNCTION = YES;
				GCC_WARN_UNUSED_VARIABLE = YES;
				IPHONEOS_DEPLOYMENT_TARGET = 16.4;
				MTL_ENABLE_DEBUG_INFO = INCLUDE_SOURCE;
				MTL_FAST_MATH = YES;
				ONLY_ACTIVE_ARCH = YES;
				SDKROOT = iphoneos;
				SWIFT_ACTIVE_COMPILATION_CONDITIONS = DEBUG;
				SWIFT_OPTIMIZATION_LEVEL = "-Onone";
			};
			name = Debug;
		};
		C093AE8F2A4FBA24006C475B /* Release */ = {
			isa = XCBuildConfiguration;
			buildSettings = {
				ALWAYS_SEARCH_USER_PATHS = NO;
				CLANG_ANALYZER_NONNULL = YES;
				CLANG_ANALYZER_NUMBER_OBJECT_CONVERSION = YES_AGGRESSIVE;
				CLANG_CXX_LANGUAGE_STANDARD = "gnu++20";
				CLANG_ENABLE_MODULES = YES;
				CLANG_ENABLE_OBJC_ARC = YES;
				CLANG_ENABLE_OBJC_WEAK = YES;
				CLANG_WARN_BLOCK_CAPTURE_AUTORELEASING = YES;
				CLANG_WARN_BOOL_CONVERSION = YES;
				CLANG_WARN_COMMA = YES;
				CLANG_WARN_CONSTANT_CONVERSION = YES;
				CLANG_WARN_DEPRECATED_OBJC_IMPLEMENTATIONS = YES;
				CLANG_WARN_DIRECT_OBJC_ISA_USAGE = YES_ERROR;
				CLANG_WARN_DOCUMENTATION_COMMENTS = YES;
				CLANG_WARN_EMPTY_BODY = YES;
				CLANG_WARN_ENUM_CONVERSION = YES;
				CLANG_WARN_INFINITE_RECURSION = YES;
				CLANG_WARN_INT_CONVERSION = YES;
				CLANG_WARN_NON_LITERAL_NULL_CONVERSION = YES;
				CLANG_WARN_OBJC_IMPLICIT_RETAIN_SELF = YES;
				CLANG_WARN_OBJC_LITERAL_CONVERSION = YES;
				CLANG_WARN_OBJC_ROOT_CLASS = YES_ERROR;
				CLANG_WARN_QUOTED_INCLUDE_IN_FRAMEWORK_HEADER = YES;
				CLANG_WARN_RANGE_LOOP_ANALYSIS = YES;
				CLANG_WARN_STRICT_PROTOTYPES = YES;
				CLANG_WARN_SUSPICIOUS_MOVE = YES;
				CLANG_WARN_UNGUARDED_AVAILABILITY = YES_AGGRESSIVE;
				CLANG_WARN_UNREACHABLE_CODE = YES;
				CLANG_WARN__DUPLICATE_METHOD_MATCH = YES;
				COPY_PHASE_STRIP = NO;
				DEBUG_INFORMATION_FORMAT = "dwarf-with-dsym";
				ENABLE_NS_ASSERTIONS = NO;
				ENABLE_STRICT_OBJC_MSGSEND = YES;
				GCC_C_LANGUAGE_STANDARD = gnu11;
				GCC_NO_COMMON_BLOCKS = YES;
				GCC_WARN_64_TO_32_BIT_CONVERSION = YES;
				GCC_WARN_ABOUT_RETURN_TYPE = YES_ERROR;
				GCC_WARN_UNDECLARED_SELECTOR = YES;
				GCC_WARN_UNINITIALIZED_AUTOS = YES_AGGRESSIVE;
				GCC_WARN_UNUSED_FUNCTION = YES;
				GCC_WARN_UNUSED_VARIABLE = YES;
				IPHONEOS_DEPLOYMENT_TARGET = 16.4;
				MTL_ENABLE_DEBUG_INFO = NO;
				MTL_FAST_MATH = YES;
				SDKROOT = iphoneos;
				SWIFT_COMPILATION_MODE = wholemodule;
				SWIFT_OPTIMIZATION_LEVEL = "-O";
				VALIDATE_PRODUCT = YES;
			};
			name = Release;
		};
		C093AE912A4FBA24006C475B /* Debug */ = {
			isa = XCBuildConfiguration;
			baseConfigurationReference = 2B7FF0E848C07A158B8B3604 /* Pods-Instagarm.debug.xcconfig */;
			buildSettings = {
				ASSETCATALOG_COMPILER_APPICON_NAME = AppIcon;
				ASSETCATALOG_COMPILER_GLOBAL_ACCENT_COLOR_NAME = AccentColor;
				CODE_SIGN_STYLE = Automatic;
				CURRENT_PROJECT_VERSION = 1;
				GENERATE_INFOPLIST_FILE = YES;
				INFOPLIST_FILE = Instagarm/Info.plist;
				INFOPLIST_KEY_UIApplicationSupportsIndirectInputEvents = YES;
				INFOPLIST_KEY_UILaunchStoryboardName = LaunchScreen;
				INFOPLIST_KEY_UISupportedInterfaceOrientations = UIInterfaceOrientationPortrait;
				IPHONEOS_DEPLOYMENT_TARGET = 15.0;
				LD_RUNPATH_SEARCH_PATHS = (
					"$(inherited)",
					"@executable_path/Frameworks",
				);
				MARKETING_VERSION = 1.0;
				PRODUCT_BUNDLE_IDENTIFIER = mukherjee.pinakpani.Instagarm;
				PRODUCT_NAME = "$(TARGET_NAME)";
				SUPPORTED_PLATFORMS = "iphoneos iphonesimulator";
				SUPPORTS_MACCATALYST = NO;
				SUPPORTS_MAC_DESIGNED_FOR_IPHONE_IPAD = NO;
				SWIFT_EMIT_LOC_STRINGS = YES;
				SWIFT_VERSION = 5.0;
				TARGETED_DEVICE_FAMILY = 1;
			};
			name = Debug;
		};
		C093AE922A4FBA24006C475B /* Release */ = {
			isa = XCBuildConfiguration;
			baseConfigurationReference = 31B269CBA34B3D3B954089C2 /* Pods-Instagarm.release.xcconfig */;
			buildSettings = {
				ASSETCATALOG_COMPILER_APPICON_NAME = AppIcon;
				ASSETCATALOG_COMPILER_GLOBAL_ACCENT_COLOR_NAME = AccentColor;
				CODE_SIGN_STYLE = Automatic;
				CURRENT_PROJECT_VERSION = 1;
				GENERATE_INFOPLIST_FILE = YES;
				INFOPLIST_FILE = Instagarm/Info.plist;
				INFOPLIST_KEY_UIApplicationSupportsIndirectInputEvents = YES;
				INFOPLIST_KEY_UILaunchStoryboardName = LaunchScreen;
				INFOPLIST_KEY_UISupportedInterfaceOrientations = UIInterfaceOrientationPortrait;
				IPHONEOS_DEPLOYMENT_TARGET = 15.0;
				LD_RUNPATH_SEARCH_PATHS = (
					"$(inherited)",
					"@executable_path/Frameworks",
				);
				MARKETING_VERSION = 1.0;
				PRODUCT_BUNDLE_IDENTIFIER = mukherjee.pinakpani.Instagarm;
				PRODUCT_NAME = "$(TARGET_NAME)";
				SUPPORTED_PLATFORMS = "iphoneos iphonesimulator";
				SUPPORTS_MACCATALYST = NO;
				SUPPORTS_MAC_DESIGNED_FOR_IPHONE_IPAD = NO;
				SWIFT_EMIT_LOC_STRINGS = YES;
				SWIFT_VERSION = 5.0;
				TARGETED_DEVICE_FAMILY = 1;
			};
			name = Release;
		};
		C093AE942A4FBA24006C475B /* Debug */ = {
			isa = XCBuildConfiguration;
			baseConfigurationReference = 57A4AEE3D73BA72E7E9648AA /* Pods-InstagarmTests.debug.xcconfig */;
			buildSettings = {
				ALWAYS_EMBED_SWIFT_STANDARD_LIBRARIES = YES;
				BUNDLE_LOADER = "$(TEST_HOST)";
				CODE_SIGN_STYLE = Automatic;
				CURRENT_PROJECT_VERSION = 1;
				GENERATE_INFOPLIST_FILE = YES;
				IPHONEOS_DEPLOYMENT_TARGET = 16.4;
				MARKETING_VERSION = 1.0;
				PRODUCT_BUNDLE_IDENTIFIER = mukherjee.pinakpani.InstagarmTests;
				PRODUCT_NAME = "$(TARGET_NAME)";
				SWIFT_EMIT_LOC_STRINGS = NO;
				SWIFT_VERSION = 5.0;
				TARGETED_DEVICE_FAMILY = "1,2";
				TEST_HOST = "$(BUILT_PRODUCTS_DIR)/Instagarm.app/$(BUNDLE_EXECUTABLE_FOLDER_PATH)/Instagarm";
			};
			name = Debug;
		};
		C093AE952A4FBA24006C475B /* Release */ = {
			isa = XCBuildConfiguration;
			baseConfigurationReference = 06B517C38E4F29F42C7C525B /* Pods-InstagarmTests.release.xcconfig */;
			buildSettings = {
				ALWAYS_EMBED_SWIFT_STANDARD_LIBRARIES = YES;
				BUNDLE_LOADER = "$(TEST_HOST)";
				CODE_SIGN_STYLE = Automatic;
				CURRENT_PROJECT_VERSION = 1;
				GENERATE_INFOPLIST_FILE = YES;
				IPHONEOS_DEPLOYMENT_TARGET = 16.4;
				MARKETING_VERSION = 1.0;
				PRODUCT_BUNDLE_IDENTIFIER = mukherjee.pinakpani.InstagarmTests;
				PRODUCT_NAME = "$(TARGET_NAME)";
				SWIFT_EMIT_LOC_STRINGS = NO;
				SWIFT_VERSION = 5.0;
				TARGETED_DEVICE_FAMILY = "1,2";
				TEST_HOST = "$(BUILT_PRODUCTS_DIR)/Instagarm.app/$(BUNDLE_EXECUTABLE_FOLDER_PATH)/Instagarm";
			};
			name = Release;
		};
		C093AE972A4FBA24006C475B /* Debug */ = {
			isa = XCBuildConfiguration;
			baseConfigurationReference = E0645C4EEFC9DA18511A9C8F /* Pods-Instagarm-InstagarmUITests.debug.xcconfig */;
			buildSettings = {
				ALWAYS_EMBED_SWIFT_STANDARD_LIBRARIES = YES;
				CODE_SIGN_STYLE = Automatic;
				CURRENT_PROJECT_VERSION = 1;
				GENERATE_INFOPLIST_FILE = YES;
				MARKETING_VERSION = 1.0;
				PRODUCT_BUNDLE_IDENTIFIER = mukherjee.pinakpani.InstagarmUITests;
				PRODUCT_NAME = "$(TARGET_NAME)";
				SWIFT_EMIT_LOC_STRINGS = NO;
				SWIFT_VERSION = 5.0;
				TARGETED_DEVICE_FAMILY = "1,2";
				TEST_TARGET_NAME = Instagarm;
			};
			name = Debug;
		};
		C093AE982A4FBA24006C475B /* Release */ = {
			isa = XCBuildConfiguration;
			baseConfigurationReference = 99BC25B39EEA1EA4F637BF56 /* Pods-Instagarm-InstagarmUITests.release.xcconfig */;
			buildSettings = {
				ALWAYS_EMBED_SWIFT_STANDARD_LIBRARIES = YES;
				CODE_SIGN_STYLE = Automatic;
				CURRENT_PROJECT_VERSION = 1;
				GENERATE_INFOPLIST_FILE = YES;
				MARKETING_VERSION = 1.0;
				PRODUCT_BUNDLE_IDENTIFIER = mukherjee.pinakpani.InstagarmUITests;
				PRODUCT_NAME = "$(TARGET_NAME)";
				SWIFT_EMIT_LOC_STRINGS = NO;
				SWIFT_VERSION = 5.0;
				TARGETED_DEVICE_FAMILY = "1,2";
				TEST_TARGET_NAME = Instagarm;
			};
			name = Release;
		};
/* End XCBuildConfiguration section */

/* Begin XCConfigurationList section */
		C093AE612A4FBA24006C475B /* Build configuration list for PBXProject "Instagarm" */ = {
			isa = XCConfigurationList;
			buildConfigurations = (
				C093AE8E2A4FBA24006C475B /* Debug */,
				C093AE8F2A4FBA24006C475B /* Release */,
			);
			defaultConfigurationIsVisible = 0;
			defaultConfigurationName = Release;
		};
		C093AE902A4FBA24006C475B /* Build configuration list for PBXNativeTarget "Instagarm" */ = {
			isa = XCConfigurationList;
			buildConfigurations = (
				C093AE912A4FBA24006C475B /* Debug */,
				C093AE922A4FBA24006C475B /* Release */,
			);
			defaultConfigurationIsVisible = 0;
			defaultConfigurationName = Release;
		};
		C093AE932A4FBA24006C475B /* Build configuration list for PBXNativeTarget "InstagarmTests" */ = {
			isa = XCConfigurationList;
			buildConfigurations = (
				C093AE942A4FBA24006C475B /* Debug */,
				C093AE952A4FBA24006C475B /* Release */,
			);
			defaultConfigurationIsVisible = 0;
			defaultConfigurationName = Release;
		};
		C093AE962A4FBA24006C475B /* Build configuration list for PBXNativeTarget "InstagarmUITests" */ = {
			isa = XCConfigurationList;
			buildConfigurations = (
				C093AE972A4FBA24006C475B /* Debug */,
				C093AE982A4FBA24006C475B /* Release */,
			);
			defaultConfigurationIsVisible = 0;
			defaultConfigurationName = Release;
		};
/* End XCConfigurationList section */
	};
	rootObject = C093AE5E2A4FBA24006C475B /* Project object */;
}
